
Microsoft Visual Studio Solution File, Format Version 12.00
# Visual Studio 15
VisualStudioVersion = 15.0.28307.421
MinimumVisualStudioVersion = 10.0.40219.1
Project("{FAE04EC0-301F-11D3-BF4B-00C04F79EFBC}") = "ExemploADO2.0", "ExemploADO2.0\ExemploADO2.0.csproj", "{761B7382-4FA4-4630-9A04-8478BF13304D}"
EndProject
Global
	GlobalSection(SolutionConfigurationPlatforms) = preSolution
		Debug|Any CPU = Debug|Any CPU
		Release|Any CPU = Release|Any CPU
	EndGlobalSection
	GlobalSection(ProjectConfigurationPlatforms) = postSolution
		{761B7382-4FA4-4630-9A04-8478BF13304D}.Debug|Any CPU.ActiveCfg = Debug|Any CPU
		{761B7382-4FA4-4630-9A04-8478BF13304D}.Debug|Any CPU.Build.0 = Debug|Any CPU
		{761B7382-4FA4-4630-9A04-8478BF13304D}.Release|Any CPU.ActiveCfg = Release|Any CPU
		{761B7382-4FA4-4630-9A04-8478BF13304D}.Release|Any CPU.Build.0 = Release|Any CPU
	EndGlobalSection
	GlobalSection(SolutionProperties) = preSolution
		HideSolutionNode = FALSE
	EndGlobalSection
	GlobalSection(ExtensibilityGlobals) = postSolution
		SolutionGuid = {7CDDC5EA-3DD2-4BB5-9D4C-B4EC145B49B6}
	EndGlobalSection
EndGlobal
