
Microsoft Visual Studio Solution File, Format Version 12.00
# Visual Studio 15
VisualStudioVersion = 15.0.28307.645
MinimumVisualStudioVersion = 10.0.40219.1
Project("{FAE04EC0-301F-11D3-BF4B-00C04F79EFBC}") = "ExercicioModelFirst", "ExercicioModelFirst\ExercicioModelFirst.csproj", "{DD64E573-C0D4-47F4-BB40-41C2365FBFBB}"
EndProject
Global
	GlobalSection(SolutionConfigurationPlatforms) = preSolution
		Debug|Any CPU = Debug|Any CPU
		Release|Any CPU = Release|Any CPU
	EndGlobalSection
	GlobalSection(ProjectConfigurationPlatforms) = postSolution
		{DD64E573-C0D4-47F4-BB40-41C2365FBFBB}.Debug|Any CPU.ActiveCfg = Debug|Any CPU
		{DD64E573-C0D4-47F4-BB40-41C2365FBFBB}.Debug|Any CPU.Build.0 = Debug|Any CPU
		{DD64E573-C0D4-47F4-BB40-41C2365FBFBB}.Release|Any CPU.ActiveCfg = Release|Any CPU
		{DD64E573-C0D4-47F4-BB40-41C2365FBFBB}.Release|Any CPU.Build.0 = Release|Any CPU
	EndGlobalSection
	GlobalSection(SolutionProperties) = preSolution
		HideSolutionNode = FALSE
	EndGlobalSection
	GlobalSection(ExtensibilityGlobals) = postSolution
		SolutionGuid = {241F76EA-0B6D-4758-870E-60317226C2E9}
	EndGlobalSection
EndGlobal
