
Microsoft Visual Studio Solution File, Format Version 12.00
# Visual Studio 15
VisualStudioVersion = 15.0.28307.645
MinimumVisualStudioVersion = 10.0.40219.1
Project("{FAE04EC0-301F-11D3-BF4B-00C04F79EFBC}") = "ExemploWebApi", "ExemploWebApi\ExemploWebApi.csproj", "{27C14B98-B47B-4621-9DCE-5378289D6C3B}"
EndProject
Global
	GlobalSection(SolutionConfigurationPlatforms) = preSolution
		Debug|Any CPU = Debug|Any CPU
		Release|Any CPU = Release|Any CPU
	EndGlobalSection
	GlobalSection(ProjectConfigurationPlatforms) = postSolution
		{27C14B98-B47B-4621-9DCE-5378289D6C3B}.Debug|Any CPU.ActiveCfg = Debug|Any CPU
		{27C14B98-B47B-4621-9DCE-5378289D6C3B}.Debug|Any CPU.Build.0 = Debug|Any CPU
		{27C14B98-B47B-4621-9DCE-5378289D6C3B}.Release|Any CPU.ActiveCfg = Release|Any CPU
		{27C14B98-B47B-4621-9DCE-5378289D6C3B}.Release|Any CPU.Build.0 = Release|Any CPU
	EndGlobalSection
	GlobalSection(SolutionProperties) = preSolution
		HideSolutionNode = FALSE
	EndGlobalSection
	GlobalSection(ExtensibilityGlobals) = postSolution
		SolutionGuid = {F0BE7010-1DCB-455F-A246-88A9801945A7}
	EndGlobalSection
EndGlobal
