
Microsoft Visual Studio Solution File, Format Version 12.00
# Visual Studio 15
VisualStudioVersion = 15.0.28307.421
MinimumVisualStudioVersion = 10.0.40219.1
Project("{FAE04EC0-301F-11D3-BF4B-00C04F79EFBC}") = "ExercicioADO1", "ExercicioADO1\ExercicioADO1.csproj", "{BC488A91-7E59-4279-88BF-5265322ECBF0}"
EndProject
Global
	GlobalSection(SolutionConfigurationPlatforms) = preSolution
		Debug|Any CPU = Debug|Any CPU
		Release|Any CPU = Release|Any CPU
	EndGlobalSection
	GlobalSection(ProjectConfigurationPlatforms) = postSolution
		{BC488A91-7E59-4279-88BF-5265322ECBF0}.Debug|Any CPU.ActiveCfg = Debug|Any CPU
		{BC488A91-7E59-4279-88BF-5265322ECBF0}.Debug|Any CPU.Build.0 = Debug|Any CPU
		{BC488A91-7E59-4279-88BF-5265322ECBF0}.Release|Any CPU.ActiveCfg = Release|Any CPU
		{BC488A91-7E59-4279-88BF-5265322ECBF0}.Release|Any CPU.Build.0 = Release|Any CPU
	EndGlobalSection
	GlobalSection(SolutionProperties) = preSolution
		HideSolutionNode = FALSE
	EndGlobalSection
	GlobalSection(ExtensibilityGlobals) = postSolution
		SolutionGuid = {7A04A14C-CF92-4E94-BF11-C759ED1D49A5}
	EndGlobalSection
EndGlobal
