
Microsoft Visual Studio Solution File, Format Version 12.00
# Visual Studio 15
VisualStudioVersion = 15.0.28307.645
MinimumVisualStudioVersion = 10.0.40219.1
Project("{FAE04EC0-301F-11D3-BF4B-00C04F79EFBC}") = "ExemploServico2", "ExemploServico2\ExemploServico2.csproj", "{C3897C80-FEC9-467F-BC10-518FB58970E2}"
EndProject
Global
	GlobalSection(SolutionConfigurationPlatforms) = preSolution
		Debug|Any CPU = Debug|Any CPU
		Release|Any CPU = Release|Any CPU
	EndGlobalSection
	GlobalSection(ProjectConfigurationPlatforms) = postSolution
		{C3897C80-FEC9-467F-BC10-518FB58970E2}.Debug|Any CPU.ActiveCfg = Debug|Any CPU
		{C3897C80-FEC9-467F-BC10-518FB58970E2}.Debug|Any CPU.Build.0 = Debug|Any CPU
		{C3897C80-FEC9-467F-BC10-518FB58970E2}.Release|Any CPU.ActiveCfg = Release|Any CPU
		{C3897C80-FEC9-467F-BC10-518FB58970E2}.Release|Any CPU.Build.0 = Release|Any CPU
	EndGlobalSection
	GlobalSection(SolutionProperties) = preSolution
		HideSolutionNode = FALSE
	EndGlobalSection
	GlobalSection(ExtensibilityGlobals) = postSolution
		SolutionGuid = {AAF54251-8C92-49BA-98E0-BF33C4DEA12B}
	EndGlobalSection
EndGlobal
